
Microsoft Visual Studio Solution File, Format Version 12.00
# Visual Studio Version 16
VisualStudioVersion = 16.0.30330.147
MinimumVisualStudioVersion = 10.0.40219.1
Project("{FAE04EC0-301F-11D3-BF4B-00C04F79EFBC}") = "SalesWebMvc", "SalesWebMvc\SalesWebMvc.csproj", "{B278B26D-BC81-4EE0-8D1F-3AE53F4C5C62}"
EndProject
Global
	GlobalSection(SolutionConfigurationPlatforms) = preSolution
		Debug|Any CPU = Debug|Any CPU
		Release|Any CPU = Release|Any CPU
	EndGlobalSection
	GlobalSection(ProjectConfigurationPlatforms) = postSolution
		{B278B26D-BC81-4EE0-8D1F-3AE53F4C5C62}.Debug|Any CPU.ActiveCfg = Debug|Any CPU
		{B278B26D-BC81-4EE0-8D1F-3AE53F4C5C62}.Debug|Any CPU.Build.0 = Debug|Any CPU
		{B278B26D-BC81-4EE0-8D1F-3AE53F4C5C62}.Release|Any CPU.ActiveCfg = Release|Any CPU
		{B278B26D-BC81-4EE0-8D1F-3AE53F4C5C62}.Release|Any CPU.Build.0 = Release|Any CPU
	EndGlobalSection
	GlobalSection(SolutionProperties) = preSolution
		HideSolutionNode = FALSE
	EndGlobalSection
	GlobalSection(ExtensibilityGlobals) = postSolution
		SolutionGuid = {2F8F52C8-A57E-4FC4-8F40-6757E8040128}
	EndGlobalSection
EndGlobal
